schema: '2.0'
stages:
  preprocess:
    cmd: python src/data_prep.py
    deps:
    - path: data/raw/telco_churn.csv
      md5: 006527876bfe18c977d74eb4bc59443f
      size: 873370
    - path: src/data_prep.py
      md5: 6ea23f5bbb6e4663aa6045a3c943ca9d
      size: 1184
    outs:
    - path: data/processed/telco_churn_clean.csv
      md5: 006527876bfe18c977d74eb4bc59443f
      size: 883371
  train_rf:
    cmd: python src/train_rf.py
    deps:
    - path: data/processed/telco_churn_clean.csv
      md5: 006527876bfe18c977d74eb4bc59443f
      size: 873370
    - path: params.yaml
      md5: 75a732c9df43586983fbe37b72300f20
      size: 148
    - path: src/train_rf.py
      md5: 6c59af3cc8cca1057586f5c935b370e9
      size: 2591
    outs:
    - path: metrics_rf.json
      md5: 80433ead4f7eb9a81964b0da1a4e2908
      size: 91
    - path: models/model_rf.pkl
      md5: a2eb542e0e8452dfb388f9a65a627a40
      size: 3697916
