schema: '2.0'
stages:
  preprocess:
    cmd: python src/data_prep.py
    deps:
    - path: data/raw/telco_churn.csv
      md5: 006527876bfe18c977d74eb4bc59443f
      size: 873370
    - path: src/data_prep.py
      md5: 6ea23f5bbb6e4663aa6045a3c943ca9d
      size: 1184
    outs:
    - path: data/processed/telco_churn_clean.csv
      md5: 006527876bfe18c977d74eb4bc59443f
      size: 883371
  train_rf:
    cmd: python src/train_rf.py
    deps:
    - path: data/processed/telco_churn_clean.csv
      md5: 006527876bfe18c977d74eb4bc59443f
      size: 873370
    - path: params.yaml
      md5: e41ddf312d5abc03484af9e342c75710
      size: 147
    - path: src/train_rf.py
      md5: 6c59af3cc8cca1057586f5c935b370e9
      size: 2591
    outs:
    - path: metrics_rf.json
      md5: 2c5b86d8681b0bfdca367644e5a6425c
      size: 91
    - path: models/model_rf.pkl
      md5: d998c1a9c09a75d36c73e842e8de0a23
      size: 3695321
