schema: '2.0'
stages:
  train_rf:
    cmd: python src/train_rf.py
    deps:
    - path: data/processed/telco_churn_clean.csv
      hash: md5
      md5: ac40be7770ac4b2e22a43d2ec75a2bad
      size: 883371
    - path: params.yaml
      hash: md5
      md5: 892dda72060e9ca908a00bf5949e050e
      size: 172
    - path: src/train_rf.py
      hash: md5
      md5: 92753cf8269181ef5fe053d535bf34cf
      size: 2591
    outs:
    - path: metrics_rf.json
      hash: md5
      md5: 2a2bcc783bfbfc989fbda2febbefaaaa
      size: 91
    - path: models/model_rf.pkl
      hash: md5
      md5: d998c1a9c09a75d36c73e842e8de0a23
      size: 3695321
